{
  "lockfile-version": 1,
  "manifest": {
    "version": 1,
    "install": {
      "curl": {
        "pkg-path": "curl"
      },
      "dosbox-x": {
        "pkg-path": "dosbox-x"
      }
    },
    "vars": {
      "ZIP_URI": "https://archive.org/download/msdos_Commander_Keen_1_-_Marooned_on_Mars_1990/Commander_Keen_1_-_Marooned_on_Mars_1990.zip"
    },
    "options": {
      "systems": [
        "aarch64-darwin",
        "aarch64-linux",
        "x86_64-darwin",
        "x86_64-linux"
      ]
    },
    "build": {
      "ke": {
        "command": "  mkdir -p $out/bin\n  curl -sLO $ZIP_URI\n  unzip $(basename $ZIP_URI) -d $out\n  cat > $out/bin/commander-keen <<STR\ndosbox-x -c \"mount g $out/CKeen1\" -c \"g:\" -c \"KEEN1.EXE\" -fastlaunch\nSTR\n  chmod +x $out/bin/commander-keen\n",
        "description": "commander keen"
      }
    }
  },
  "packages": [
    {
      "attr_path": "curl",
      "broken": false,
      "derivation": "/nix/store/1lhp10v70mj2ph77pvs31d7xlpxgc361-curl-8.12.1.drv",
      "description": "Command line tool for transferring files with URL syntax",
      "install_id": "curl",
      "license": "curl",
      "locked_url": "https://github.com/flox/nixpkgs?rev=698214a32beb4f4c8e3942372c694f40848b360d",
      "name": "curl-8.12.1",
      "pname": "curl",
      "rev": "698214a32beb4f4c8e3942372c694f40848b360d",
      "rev_count": 773904,
      "rev_date": "2025-03-25T07:53:30Z",
      "scrape_date": "2025-03-27T01:09:57.516800Z",
      "stabilities": [
        "unstable"
      ],
      "unfree": false,
      "version": "8.12.1",
      "outputs_to_install": [
        "bin",
        "man"
      ],
      "outputs": {
        "bin": "/nix/store/86fqlv3ivlg7wxqg2zyxdaba79f964xc-curl-8.12.1-bin",
        "dev": "/nix/store/3gaqczbhg021cyxbdipa072bmwxn5rii-curl-8.12.1-dev",
        "devdoc": "/nix/store/6ln0174ccp76y126pjypqmh3i2wakyv3-curl-8.12.1-devdoc",
        "man": "/nix/store/pbbm6l8x61w0n0v1f0q5k8fbl3wrwdhx-curl-8.12.1-man",
        "out": "/nix/store/qgag9flqkdc2pplvcvzbrbicy66yh3fn-curl-8.12.1"
      },
      "system": "aarch64-darwin",
      "group": "toplevel",
      "priority": 5
    },
    {
      "attr_path": "curl",
      "broken": false,
      "derivation": "/nix/store/g8l0vbzmxrr6qw44wgqllb4mw5sl8g5s-curl-8.12.1.drv",
      "description": "Command line tool for transferring files with URL syntax",
      "install_id": "curl",
      "license": "curl",
      "locked_url": "https://github.com/flox/nixpkgs?rev=698214a32beb4f4c8e3942372c694f40848b360d",
      "name": "curl-8.12.1",
      "pname": "curl",
      "rev": "698214a32beb4f4c8e3942372c694f40848b360d",
      "rev_count": 773904,
      "rev_date": "2025-03-25T07:53:30Z",
      "scrape_date": "2025-03-27T01:27:12.440793Z",
      "stabilities": [
        "unstable"
      ],
      "unfree": false,
      "version": "8.12.1",
      "outputs_to_install": [
        "bin",
        "man"
      ],
      "outputs": {
        "bin": "/nix/store/z7wva8na2xihw715flhf7qzxmzajh2ka-curl-8.12.1-bin",
        "debug": "/nix/store/775cbq71iyyscma2vvhwxjlpzx8fqqh9-curl-8.12.1-debug",
        "dev": "/nix/store/vgq4wjxqc1pg31i2hamypdj3zh1kjx74-curl-8.12.1-dev",
        "devdoc": "/nix/store/xynp72zh6y0d2xxisir41fd212hcz596-curl-8.12.1-devdoc",
        "man": "/nix/store/80njhwgrrzkzhi3mmbzy14vnq837m3zv-curl-8.12.1-man",
        "out": "/nix/store/g7hzmaxs3iyinjzx6rzci1wcrn0h0dhk-curl-8.12.1"
      },
      "system": "aarch64-linux",
      "group": "toplevel",
      "priority": 5
    },
    {
      "attr_path": "curl",
      "broken": false,
      "derivation": "/nix/store/3s3ckp7zjs4lr8lm98w4b6rvpy9zgqfm-curl-8.12.1.drv",
      "description": "Command line tool for transferring files with URL syntax",
      "install_id": "curl",
      "license": "curl",
      "locked_url": "https://github.com/flox/nixpkgs?rev=698214a32beb4f4c8e3942372c694f40848b360d",
      "name": "curl-8.12.1",
      "pname": "curl",
      "rev": "698214a32beb4f4c8e3942372c694f40848b360d",
      "rev_count": 773904,
      "rev_date": "2025-03-25T07:53:30Z",
      "scrape_date": "2025-03-27T01:42:57.907434Z",
      "stabilities": [
        "unstable"
      ],
      "unfree": false,
      "version": "8.12.1",
      "outputs_to_install": [
        "bin",
        "man"
      ],
      "outputs": {
        "bin": "/nix/store/p0x9dx56vyii50cwbv03wjkhwivpyg4b-curl-8.12.1-bin",
        "dev": "/nix/store/an8c76pbcv3sdli8cvg8sff8qnclh9rz-curl-8.12.1-dev",
        "devdoc": "/nix/store/kmwq1w6yjmb19glyqk3q6czn4kbg0xag-curl-8.12.1-devdoc",
        "man": "/nix/store/rac3x8bmq64rbm4msd83652vcby7ibav-curl-8.12.1-man",
        "out": "/nix/store/bi6qs79brnykvz8lc7kmjbmzxv3cjn1q-curl-8.12.1"
      },
      "system": "x86_64-darwin",
      "group": "toplevel",
      "priority": 5
    },
    {
      "attr_path": "curl",
      "broken": false,
      "derivation": "/nix/store/rlj4bd2wpskzaw28ciy9hzp7x5njl1mg-curl-8.12.1.drv",
      "description": "Command line tool for transferring files with URL syntax",
      "install_id": "curl",
      "license": "curl",
      "locked_url": "https://github.com/flox/nixpkgs?rev=698214a32beb4f4c8e3942372c694f40848b360d",
      "name": "curl-8.12.1",
      "pname": "curl",
      "rev": "698214a32beb4f4c8e3942372c694f40848b360d",
      "rev_count": 773904,
      "rev_date": "2025-03-25T07:53:30Z",
      "scrape_date": "2025-03-27T02:01:42.246863Z",
      "stabilities": [
        "unstable"
      ],
      "unfree": false,
      "version": "8.12.1",
      "outputs_to_install": [
        "bin",
        "man"
      ],
      "outputs": {
        "bin": "/nix/store/k27z9fx6v0msbsl2p54sx4sx0r8247m6-curl-8.12.1-bin",
        "debug": "/nix/store/w6wlkf6s83lnw87jvqgczqj2674ilx4a-curl-8.12.1-debug",
        "dev": "/nix/store/cn83nc0n8gkl0bi3spykczd3j44qkbq2-curl-8.12.1-dev",
        "devdoc": "/nix/store/ynv5wahwnghzk8v4zfbk8rmdn96cx4cf-curl-8.12.1-devdoc",
        "man": "/nix/store/03skkhbdzmivfr8c99rqbb9s5clfi0sy-curl-8.12.1-man",
        "out": "/nix/store/l6hzv5ms9fi7mx2j3xh0i42anyjcgpp8-curl-8.12.1"
      },
      "system": "x86_64-linux",
      "group": "toplevel",
      "priority": 5
    },
    {
      "attr_path": "dosbox-x",
      "broken": false,
      "derivation": "/nix/store/f2njmwj7lz5f6ha9f23xjpp04y9wx0dp-dosbox-x-2025.02.01.drv",
      "description": "Cross-platform DOS emulator based on the DOSBox project",
      "install_id": "dosbox-x",
      "license": "GPL-2.0-or-later",
      "locked_url": "https://github.com/flox/nixpkgs?rev=698214a32beb4f4c8e3942372c694f40848b360d",
      "name": "dosbox-x-2025.02.01",
      "pname": "dosbox-x",
      "rev": "698214a32beb4f4c8e3942372c694f40848b360d",
      "rev_count": 773904,
      "rev_date": "2025-03-25T07:53:30Z",
      "scrape_date": "2025-03-27T01:09:57.588641Z",
      "stabilities": [
        "unstable"
      ],
      "unfree": false,
      "version": "2025.02.01",
      "outputs_to_install": [
        "out"
      ],
      "outputs": {
        "out": "/nix/store/i5ybpix99753cjrfm949glxr4bq28rkn-dosbox-x-2025.02.01"
      },
      "system": "aarch64-darwin",
      "group": "toplevel",
      "priority": 5
    },
    {
      "attr_path": "dosbox-x",
      "broken": false,
      "derivation": "/nix/store/84d61xmn8270ykyyram4iz28yyrq0lih-dosbox-x-2025.02.01.drv",
      "description": "Cross-platform DOS emulator based on the DOSBox project",
      "install_id": "dosbox-x",
      "license": "GPL-2.0-or-later",
      "locked_url": "https://github.com/flox/nixpkgs?rev=698214a32beb4f4c8e3942372c694f40848b360d",
      "name": "dosbox-x-2025.02.01",
      "pname": "dosbox-x",
      "rev": "698214a32beb4f4c8e3942372c694f40848b360d",
      "rev_count": 773904,
      "rev_date": "2025-03-25T07:53:30Z",
      "scrape_date": "2025-03-27T01:27:12.587946Z",
      "stabilities": [
        "unstable"
      ],
      "unfree": false,
      "version": "2025.02.01",
      "outputs_to_install": [
        "out"
      ],
      "outputs": {
        "out": "/nix/store/3nvzv2z71vnil724kx9hpdw8lbw5wadw-dosbox-x-2025.02.01"
      },
      "system": "aarch64-linux",
      "group": "toplevel",
      "priority": 5
    },
    {
      "attr_path": "dosbox-x",
      "broken": false,
      "derivation": "/nix/store/i7zj5pc333g9la5hcvl1h6dfv9bpwnv2-dosbox-x-2025.02.01.drv",
      "description": "Cross-platform DOS emulator based on the DOSBox project",
      "install_id": "dosbox-x",
      "license": "GPL-2.0-or-later",
      "locked_url": "https://github.com/flox/nixpkgs?rev=698214a32beb4f4c8e3942372c694f40848b360d",
      "name": "dosbox-x-2025.02.01",
      "pname": "dosbox-x",
      "rev": "698214a32beb4f4c8e3942372c694f40848b360d",
      "rev_count": 773904,
      "rev_date": "2025-03-25T07:53:30Z",
      "scrape_date": "2025-03-27T01:42:57.978406Z",
      "stabilities": [
        "unstable"
      ],
      "unfree": false,
      "version": "2025.02.01",
      "outputs_to_install": [
        "out"
      ],
      "outputs": {
        "out": "/nix/store/xmz5i4jrkyx0qyznva1886ycy40kv9iz-dosbox-x-2025.02.01"
      },
      "system": "x86_64-darwin",
      "group": "toplevel",
      "priority": 5
    },
    {
      "attr_path": "dosbox-x",
      "broken": false,
      "derivation": "/nix/store/z2xwp0xf92yvgq8qfjk3bmllf9sjya8q-dosbox-x-2025.02.01.drv",
      "description": "Cross-platform DOS emulator based on the DOSBox project",
      "install_id": "dosbox-x",
      "license": "GPL-2.0-or-later",
      "locked_url": "https://github.com/flox/nixpkgs?rev=698214a32beb4f4c8e3942372c694f40848b360d",
      "name": "dosbox-x-2025.02.01",
      "pname": "dosbox-x",
      "rev": "698214a32beb4f4c8e3942372c694f40848b360d",
      "rev_count": 773904,
      "rev_date": "2025-03-25T07:53:30Z",
      "scrape_date": "2025-03-27T02:01:42.406996Z",
      "stabilities": [
        "unstable"
      ],
      "unfree": false,
      "version": "2025.02.01",
      "outputs_to_install": [
        "out"
      ],
      "outputs": {
        "out": "/nix/store/h5sr41k7gr7rbkd6dgqb3c8y88axqz53-dosbox-x-2025.02.01"
      },
      "system": "x86_64-linux",
      "group": "toplevel",
      "priority": 5
    }
  ]
}