{
  "lockfile-version": 1,
  "manifest": {
    "version": 1,
    "install": {
      "curl": {
        "pkg-path": "curl"
      },
      "dosbox-x": {
        "pkg-path": "dosbox-x"
      }
    },
    "vars": {
      "ZIP_URI": "https://archive.org/download/msdos_Commander_Keen_1_-_Marooned_on_Mars_1990/Commander_Keen_1_-_Marooned_on_Mars_1990.zip"
    },
    "hook": {},
    "profile": {},
    "options": {
      "systems": [
        "aarch64-darwin",
        "aarch64-linux",
        "x86_64-darwin",
        "x86_64-linux"
      ],
      "allow": {
        "licenses": []
      },
      "semver": {}
    },
    "build": {
      "commander-keen": {
        "command": "  mkdir -p $out/bin\n  curl -sLO $ZIP_URI\n  unzip $(basename $ZIP_URI) -d $out\n  cat > $out/bin/commander-keen <<STR\ndosbox-x -c \"mount g $out/CKeen1\" -c \"g:\" -c \"KEEN1.EXE\" -fastlaunch\nSTR\n  chmod +x $out/bin/commander-keen\n",
        "files": null,
        "runtime-packages": null,
        "systems": null,
        "sandbox": null
      }
    }
  },
  "packages": [
    {
      "attr_path": "curl",
      "broken": false,
      "derivation": "/nix/store/ynsqkmwscqz9ch6dnl0vvf5dgb66kyx7-curl-8.8.0.drv",
      "description": "Command line tool for transferring files with URL syntax",
      "install_id": "curl",
      "license": "curl",
      "locked_url": "https://github.com/flox/nixpkgs?rev=52ec9ac3b12395ad677e8b62106f0b98c1f8569d",
      "name": "curl-8.8.0",
      "pname": "curl",
      "rev": "52ec9ac3b12395ad677e8b62106f0b98c1f8569d",
      "rev_count": 659698,
      "rev_date": "2024-07-28T16:52:11Z",
      "scrape_date": "2024-07-31T03:03:33Z",
      "unfree": false,
      "version": "8.8.0",
      "outputs_to_install": [
        "bin",
        "man"
      ],
      "outputs": {
        "bin": "/nix/store/3a0wpz3jlr9k56znj1728djwzv0n4k5r-curl-8.8.0-bin",
        "dev": "/nix/store/l6h5s1l6y5x2gdsr2c0zd6ck901k72gm-curl-8.8.0-dev",
        "devdoc": "/nix/store/93kh2pnzwcq7bygnjs5i56ah4d7n0rbq-curl-8.8.0-devdoc",
        "man": "/nix/store/iq2i19aspbbvbys7xi91v4b00xb6nylm-curl-8.8.0-man",
        "out": "/nix/store/9v7hc5hm591539hlka47dj8ibjnbv0r2-curl-8.8.0"
      },
      "system": "aarch64-darwin",
      "group": "toplevel",
      "priority": 5
    },
    {
      "attr_path": "curl",
      "broken": false,
      "derivation": "/nix/store/cbdq1pjvm1xw2bd9m73l26yjnld1hr45-curl-8.8.0.drv",
      "description": "Command line tool for transferring files with URL syntax",
      "install_id": "curl",
      "license": "curl",
      "locked_url": "https://github.com/flox/nixpkgs?rev=52ec9ac3b12395ad677e8b62106f0b98c1f8569d",
      "name": "curl-8.8.0",
      "pname": "curl",
      "rev": "52ec9ac3b12395ad677e8b62106f0b98c1f8569d",
      "rev_count": 659698,
      "rev_date": "2024-07-28T16:52:11Z",
      "scrape_date": "2024-07-31T03:03:33Z",
      "unfree": false,
      "version": "8.8.0",
      "outputs_to_install": [
        "bin",
        "man"
      ],
      "outputs": {
        "bin": "/nix/store/vw8il31201b00fwijj5dclrinpi371vb-curl-8.8.0-bin",
        "debug": "/nix/store/860q6cd8kzfm00rhs8k66znb2p6vygv6-curl-8.8.0-debug",
        "dev": "/nix/store/w7kxbfcb66d53jsnww0v7mmxx600pqvw-curl-8.8.0-dev",
        "devdoc": "/nix/store/7j1sym3l7wwldacpbfl7ni2i7mrvdlsj-curl-8.8.0-devdoc",
        "man": "/nix/store/7pbf28nmnbcdmaray4sr6l3gd28dyjyr-curl-8.8.0-man",
        "out": "/nix/store/lalbnj7315s73fxn9wpk3i2dg0pin6vw-curl-8.8.0"
      },
      "system": "aarch64-linux",
      "group": "toplevel",
      "priority": 5
    },
    {
      "attr_path": "curl",
      "broken": false,
      "derivation": "/nix/store/6r63xivhh46afzagg68ycx2941ci9b5j-curl-8.8.0.drv",
      "description": "Command line tool for transferring files with URL syntax",
      "install_id": "curl",
      "license": "curl",
      "locked_url": "https://github.com/flox/nixpkgs?rev=52ec9ac3b12395ad677e8b62106f0b98c1f8569d",
      "name": "curl-8.8.0",
      "pname": "curl",
      "rev": "52ec9ac3b12395ad677e8b62106f0b98c1f8569d",
      "rev_count": 659698,
      "rev_date": "2024-07-28T16:52:11Z",
      "scrape_date": "2024-07-31T03:03:33Z",
      "unfree": false,
      "version": "8.8.0",
      "outputs_to_install": [
        "bin",
        "man"
      ],
      "outputs": {
        "bin": "/nix/store/2241jrfkxw58c8857qk0ylryibxg1590-curl-8.8.0-bin",
        "dev": "/nix/store/zxf340drqdn90a8sx8gdgx3ayf66s181-curl-8.8.0-dev",
        "devdoc": "/nix/store/0jinz0m7gb0zr95gbqbqw6zcv9s51626-curl-8.8.0-devdoc",
        "man": "/nix/store/0rzdyiw6dkklx6jmwvzx9jxysvzjikd8-curl-8.8.0-man",
        "out": "/nix/store/ng16vcrzjd0p7lvlfyj6l94vwimykf1s-curl-8.8.0"
      },
      "system": "x86_64-darwin",
      "group": "toplevel",
      "priority": 5
    },
    {
      "attr_path": "curl",
      "broken": false,
      "derivation": "/nix/store/mwn39fsjg9rk0z89cay72mrbwnfqgxzd-curl-8.8.0.drv",
      "description": "Command line tool for transferring files with URL syntax",
      "install_id": "curl",
      "license": "curl",
      "locked_url": "https://github.com/flox/nixpkgs?rev=52ec9ac3b12395ad677e8b62106f0b98c1f8569d",
      "name": "curl-8.8.0",
      "pname": "curl",
      "rev": "52ec9ac3b12395ad677e8b62106f0b98c1f8569d",
      "rev_count": 659698,
      "rev_date": "2024-07-28T16:52:11Z",
      "scrape_date": "2024-07-31T03:03:33Z",
      "unfree": false,
      "version": "8.8.0",
      "outputs_to_install": [
        "bin",
        "man"
      ],
      "outputs": {
        "bin": "/nix/store/g37vd707w8bdp919rdnwwld27wsmhqff-curl-8.8.0-bin",
        "debug": "/nix/store/dvhapczz22wvp0s9ac69qqqm6l8v812z-curl-8.8.0-debug",
        "dev": "/nix/store/k7dijz2bzra5m32cs1zf1kgpzxg08x90-curl-8.8.0-dev",
        "devdoc": "/nix/store/8ir4cggnbannsvch97vhzlcm66ffn462-curl-8.8.0-devdoc",
        "man": "/nix/store/b4dcsaqi4rq412266xjgsdxhlz3j9j1l-curl-8.8.0-man",
        "out": "/nix/store/y6w7agm3aw5p96q7vsgzivba0dqq3rd0-curl-8.8.0"
      },
      "system": "x86_64-linux",
      "group": "toplevel",
      "priority": 5
    },
    {
      "attr_path": "dosbox-x",
      "broken": false,
      "derivation": "/nix/store/2bzqkwxawyj99f9bpgmzz694fljy7zj1-dosbox-x-2024.07.01.drv",
      "description": "Cross-platform DOS emulator based on the DOSBox project",
      "install_id": "dosbox-x",
      "license": "GPL-2.0-or-later",
      "locked_url": "https://github.com/flox/nixpkgs?rev=52ec9ac3b12395ad677e8b62106f0b98c1f8569d",
      "name": "dosbox-x-2024.07.01",
      "pname": "dosbox-x",
      "rev": "52ec9ac3b12395ad677e8b62106f0b98c1f8569d",
      "rev_count": 659698,
      "rev_date": "2024-07-28T16:52:11Z",
      "scrape_date": "2024-07-31T03:03:33Z",
      "unfree": false,
      "version": "2024.07.01",
      "outputs_to_install": [
        "out"
      ],
      "outputs": {
        "out": "/nix/store/aamd4acmwfr4ikmz3iqhizhbxx45jcl6-dosbox-x-2024.07.01"
      },
      "system": "aarch64-darwin",
      "group": "toplevel",
      "priority": 5
    },
    {
      "attr_path": "dosbox-x",
      "broken": false,
      "derivation": "/nix/store/9vh784s8n3glabh2rh79k1avjm0wnayd-dosbox-x-2024.07.01.drv",
      "description": "Cross-platform DOS emulator based on the DOSBox project",
      "install_id": "dosbox-x",
      "license": "GPL-2.0-or-later",
      "locked_url": "https://github.com/flox/nixpkgs?rev=52ec9ac3b12395ad677e8b62106f0b98c1f8569d",
      "name": "dosbox-x-2024.07.01",
      "pname": "dosbox-x",
      "rev": "52ec9ac3b12395ad677e8b62106f0b98c1f8569d",
      "rev_count": 659698,
      "rev_date": "2024-07-28T16:52:11Z",
      "scrape_date": "2024-07-31T03:03:33Z",
      "unfree": false,
      "version": "2024.07.01",
      "outputs_to_install": [
        "out"
      ],
      "outputs": {
        "out": "/nix/store/jb6x01qq33n4axrxdpx3kk2pa64k6vcv-dosbox-x-2024.07.01"
      },
      "system": "aarch64-linux",
      "group": "toplevel",
      "priority": 5
    },
    {
      "attr_path": "dosbox-x",
      "broken": false,
      "derivation": "/nix/store/dgd79apsqdnw9bcigpx40qifdf1qmki0-dosbox-x-2024.07.01.drv",
      "description": "Cross-platform DOS emulator based on the DOSBox project",
      "install_id": "dosbox-x",
      "license": "GPL-2.0-or-later",
      "locked_url": "https://github.com/flox/nixpkgs?rev=52ec9ac3b12395ad677e8b62106f0b98c1f8569d",
      "name": "dosbox-x-2024.07.01",
      "pname": "dosbox-x",
      "rev": "52ec9ac3b12395ad677e8b62106f0b98c1f8569d",
      "rev_count": 659698,
      "rev_date": "2024-07-28T16:52:11Z",
      "scrape_date": "2024-07-31T03:03:33Z",
      "unfree": false,
      "version": "2024.07.01",
      "outputs_to_install": [
        "out"
      ],
      "outputs": {
        "out": "/nix/store/z9zkky6va8jasqwp7jl896icfjy56adn-dosbox-x-2024.07.01"
      },
      "system": "x86_64-darwin",
      "group": "toplevel",
      "priority": 5
    },
    {
      "attr_path": "dosbox-x",
      "broken": false,
      "derivation": "/nix/store/bplcg6y14jp2y3n63z4kgx3w11i7lwkg-dosbox-x-2024.07.01.drv",
      "description": "Cross-platform DOS emulator based on the DOSBox project",
      "install_id": "dosbox-x",
      "license": "GPL-2.0-or-later",
      "locked_url": "https://github.com/flox/nixpkgs?rev=52ec9ac3b12395ad677e8b62106f0b98c1f8569d",
      "name": "dosbox-x-2024.07.01",
      "pname": "dosbox-x",
      "rev": "52ec9ac3b12395ad677e8b62106f0b98c1f8569d",
      "rev_count": 659698,
      "rev_date": "2024-07-28T16:52:11Z",
      "scrape_date": "2024-07-31T03:03:33Z",
      "unfree": false,
      "version": "2024.07.01",
      "outputs_to_install": [
        "out"
      ],
      "outputs": {
        "out": "/nix/store/q55q20yb6j71dlv4f4x1w103nbanmls1-dosbox-x-2024.07.01"
      },
      "system": "x86_64-linux",
      "group": "toplevel",
      "priority": 5
    }
  ]
}