{
  "lockfile-version": 1,
  "manifest": {
    "version": 1,
    "install": {
      "curl": {
        "pkg-path": "curl"
      },
      "dosbox-x": {
        "pkg-path": "dosbox-x"
      },
      "unzip": {
        "pkg-path": "unzip"
      }
    },
    "vars": {
      "ZIP_URI": "https://archive.org/download/msdos_Commander_Keen_1_-_Marooned_on_Mars_1990/Commander_Keen_1_-_Marooned_on_Mars_1990.zip"
    },
    "options": {
      "systems": [
        "aarch64-darwin",
        "aarch64-linux",
        "x86_64-darwin",
        "x86_64-linux"
      ]
    },
    "build": {
      "commander-keen": {
        "command": "  mkdir -p $out/bin\n  curl -sLO $ZIP_URI\n  unzip $(basename $ZIP_URI) -d $out\n  cat > $out/bin/commander-keen <<STR\n$(which dosbox-x) -c \"mount g $out/CKeen1\" -c \"g:\" -c \"KEEN1.EXE\" -fastlaunch\nSTR\n  chmod +x $out/bin/commander-keen\n",
        "runtime-packages": [
          "dosbox-x"
        ],
        "version": "0.0.1",
        "description": "Commander Keen 1 - Marooned on Mars (1990) for DOSBox-X"
      }
    }
  },
  "packages": [
    {
      "attr_path": "curl",
      "broken": false,
      "derivation": "/nix/store/zzg2g6jcgh0wckvz01jqpwkl3l4jhbp5-curl-8.8.0.drv",
      "description": "Command line tool for transferring files with URL syntax",
      "install_id": "curl",
      "license": "curl",
      "locked_url": "https://github.com/flox/nixpkgs?rev=dc14ed91132ee3a26255d01d8fd0c1f5bff27b2f",
      "name": "curl-8.8.0",
      "pname": "curl",
      "rev": "dc14ed91132ee3a26255d01d8fd0c1f5bff27b2f",
      "rev_count": 656713,
      "rev_date": "2024-07-23T13:58:26Z",
      "scrape_date": "2024-07-29T13:10:31Z",
      "stabilities": [
        "stable",
        "staging",
        "unstable"
      ],
      "unfree": false,
      "version": "8.8.0",
      "outputs_to_install": [
        "bin",
        "man"
      ],
      "outputs": {
        "bin": "/nix/store/qj4d3mkgjiafpi30bw3mpy7473gcvfxh-curl-8.8.0-bin",
        "dev": "/nix/store/la5cg4gh0l6vpcprmd38hmqk21zfrx3b-curl-8.8.0-dev",
        "devdoc": "/nix/store/5lj8bhs1xvaxwmmw7w6kn7v81h4q7kx1-curl-8.8.0-devdoc",
        "man": "/nix/store/8kp176i366ypmq2sici1kjdb4xg1ykca-curl-8.8.0-man",
        "out": "/nix/store/b2p5kmr57a6ksvdwyd79j6v4k31jn33z-curl-8.8.0"
      },
      "system": "aarch64-darwin",
      "group": "toplevel",
      "priority": 5
    },
    {
      "attr_path": "curl",
      "broken": false,
      "derivation": "/nix/store/lnkjpcf0qmbkx7pha1grv4divmp7d81s-curl-8.8.0.drv",
      "description": "Command line tool for transferring files with URL syntax",
      "install_id": "curl",
      "license": "curl",
      "locked_url": "https://github.com/flox/nixpkgs?rev=dc14ed91132ee3a26255d01d8fd0c1f5bff27b2f",
      "name": "curl-8.8.0",
      "pname": "curl",
      "rev": "dc14ed91132ee3a26255d01d8fd0c1f5bff27b2f",
      "rev_count": 656713,
      "rev_date": "2024-07-23T13:58:26Z",
      "scrape_date": "2024-07-29T13:10:31Z",
      "stabilities": [
        "stable",
        "staging",
        "unstable"
      ],
      "unfree": false,
      "version": "8.8.0",
      "outputs_to_install": [
        "bin",
        "man"
      ],
      "outputs": {
        "bin": "/nix/store/90y3x7xm92lazklx49jh73dmb0fwjap6-curl-8.8.0-bin",
        "debug": "/nix/store/nd7a3bm25yxgmzc204yhjq7xfwn0skky-curl-8.8.0-debug",
        "dev": "/nix/store/m2ix50bygbbyjj8p1gd2l2sb2grzc4pl-curl-8.8.0-dev",
        "devdoc": "/nix/store/h6imksjv3p1igaqqbba0qcywn8vlynds-curl-8.8.0-devdoc",
        "man": "/nix/store/590zd5x5sjk4r7m0hwkc0055fddbh9m9-curl-8.8.0-man",
        "out": "/nix/store/zi89x2zjl6d31bhs3y1x1bf440axrdh3-curl-8.8.0"
      },
      "system": "aarch64-linux",
      "group": "toplevel",
      "priority": 5
    },
    {
      "attr_path": "curl",
      "broken": false,
      "derivation": "/nix/store/s3r714bn1fihn7qszp4pvvmnia55v626-curl-8.8.0.drv",
      "description": "Command line tool for transferring files with URL syntax",
      "install_id": "curl",
      "license": "curl",
      "locked_url": "https://github.com/flox/nixpkgs?rev=dc14ed91132ee3a26255d01d8fd0c1f5bff27b2f",
      "name": "curl-8.8.0",
      "pname": "curl",
      "rev": "dc14ed91132ee3a26255d01d8fd0c1f5bff27b2f",
      "rev_count": 656713,
      "rev_date": "2024-07-23T13:58:26Z",
      "scrape_date": "2024-07-29T13:10:31Z",
      "stabilities": [
        "stable",
        "staging",
        "unstable"
      ],
      "unfree": false,
      "version": "8.8.0",
      "outputs_to_install": [
        "bin",
        "man"
      ],
      "outputs": {
        "bin": "/nix/store/b6v77kaglx2sq11ldrhfxwhx9pasmy8r-curl-8.8.0-bin",
        "dev": "/nix/store/46x2hmryzbvx20c31yl4ca9fkrkjg3bk-curl-8.8.0-dev",
        "devdoc": "/nix/store/7dl7jgrydprljqc414k0q5iimqyip1yk-curl-8.8.0-devdoc",
        "man": "/nix/store/ah33jav9ar8a81rhf64n9ifbsv9bhbg1-curl-8.8.0-man",
        "out": "/nix/store/k2pyrv7za9vq6slrkndl1rsk679j54fr-curl-8.8.0"
      },
      "system": "x86_64-darwin",
      "group": "toplevel",
      "priority": 5
    },
    {
      "attr_path": "curl",
      "broken": false,
      "derivation": "/nix/store/fb1ym869iq17y527l90qyg7n573hiacr-curl-8.8.0.drv",
      "description": "Command line tool for transferring files with URL syntax",
      "install_id": "curl",
      "license": "curl",
      "locked_url": "https://github.com/flox/nixpkgs?rev=dc14ed91132ee3a26255d01d8fd0c1f5bff27b2f",
      "name": "curl-8.8.0",
      "pname": "curl",
      "rev": "dc14ed91132ee3a26255d01d8fd0c1f5bff27b2f",
      "rev_count": 656713,
      "rev_date": "2024-07-23T13:58:26Z",
      "scrape_date": "2024-07-29T13:10:31Z",
      "stabilities": [
        "stable",
        "staging",
        "unstable"
      ],
      "unfree": false,
      "version": "8.8.0",
      "outputs_to_install": [
        "bin",
        "man"
      ],
      "outputs": {
        "bin": "/nix/store/did64gsb4sn6xvylw6cswa7697avdrsb-curl-8.8.0-bin",
        "debug": "/nix/store/9nqslsdd8r8wxhmgw8yl6l1qc2v009pp-curl-8.8.0-debug",
        "dev": "/nix/store/x7s28vblgi5xwzgxfh5sll9f28hdgi48-curl-8.8.0-dev",
        "devdoc": "/nix/store/2bjzhf7skvllpb2n6cbqnhcchbqnmzab-curl-8.8.0-devdoc",
        "man": "/nix/store/aqbglj841rmaxk8ngbf5wilakwqw2wyb-curl-8.8.0-man",
        "out": "/nix/store/nbnlwb2crbbg9kwchflrwap6w7icf3ah-curl-8.8.0"
      },
      "system": "x86_64-linux",
      "group": "toplevel",
      "priority": 5
    },
    {
      "attr_path": "dosbox-x",
      "broken": false,
      "derivation": "/nix/store/2xbygggqlnd9slznn87j4a0xraa8jrry-dosbox-x-2024.07.01.drv",
      "description": "Cross-platform DOS emulator based on the DOSBox project",
      "install_id": "dosbox-x",
      "license": "GPL-2.0-or-later",
      "locked_url": "https://github.com/flox/nixpkgs?rev=dc14ed91132ee3a26255d01d8fd0c1f5bff27b2f",
      "name": "dosbox-x-2024.07.01",
      "pname": "dosbox-x",
      "rev": "dc14ed91132ee3a26255d01d8fd0c1f5bff27b2f",
      "rev_count": 656713,
      "rev_date": "2024-07-23T13:58:26Z",
      "scrape_date": "2024-07-29T13:10:31Z",
      "stabilities": [
        "stable",
        "staging",
        "unstable"
      ],
      "unfree": false,
      "version": "2024.07.01",
      "outputs_to_install": [
        "out"
      ],
      "outputs": {
        "out": "/nix/store/9wglz95r6yqh1akxdqrfnfxb9kh55y9b-dosbox-x-2024.07.01"
      },
      "system": "aarch64-darwin",
      "group": "toplevel",
      "priority": 5
    },
    {
      "attr_path": "dosbox-x",
      "broken": false,
      "derivation": "/nix/store/kzxlvzlpmrz420nsazji8m1jfyna6088-dosbox-x-2024.07.01.drv",
      "description": "Cross-platform DOS emulator based on the DOSBox project",
      "install_id": "dosbox-x",
      "license": "GPL-2.0-or-later",
      "locked_url": "https://github.com/flox/nixpkgs?rev=dc14ed91132ee3a26255d01d8fd0c1f5bff27b2f",
      "name": "dosbox-x-2024.07.01",
      "pname": "dosbox-x",
      "rev": "dc14ed91132ee3a26255d01d8fd0c1f5bff27b2f",
      "rev_count": 656713,
      "rev_date": "2024-07-23T13:58:26Z",
      "scrape_date": "2024-07-29T13:10:31Z",
      "stabilities": [
        "stable",
        "staging",
        "unstable"
      ],
      "unfree": false,
      "version": "2024.07.01",
      "outputs_to_install": [
        "out"
      ],
      "outputs": {
        "out": "/nix/store/lr7qqnmm4dcpj7y2p6m60yiirlkvk8vp-dosbox-x-2024.07.01"
      },
      "system": "aarch64-linux",
      "group": "toplevel",
      "priority": 5
    },
    {
      "attr_path": "dosbox-x",
      "broken": false,
      "derivation": "/nix/store/dn6d2jwc7r3xrsk94bl5dydc0iidl26i-dosbox-x-2024.07.01.drv",
      "description": "Cross-platform DOS emulator based on the DOSBox project",
      "install_id": "dosbox-x",
      "license": "GPL-2.0-or-later",
      "locked_url": "https://github.com/flox/nixpkgs?rev=dc14ed91132ee3a26255d01d8fd0c1f5bff27b2f",
      "name": "dosbox-x-2024.07.01",
      "pname": "dosbox-x",
      "rev": "dc14ed91132ee3a26255d01d8fd0c1f5bff27b2f",
      "rev_count": 656713,
      "rev_date": "2024-07-23T13:58:26Z",
      "scrape_date": "2024-07-29T13:10:31Z",
      "stabilities": [
        "stable",
        "staging",
        "unstable"
      ],
      "unfree": false,
      "version": "2024.07.01",
      "outputs_to_install": [
        "out"
      ],
      "outputs": {
        "out": "/nix/store/45f2rmn6gyiikbcmxlzby1xb8a42bsav-dosbox-x-2024.07.01"
      },
      "system": "x86_64-darwin",
      "group": "toplevel",
      "priority": 5
    },
    {
      "attr_path": "dosbox-x",
      "broken": false,
      "derivation": "/nix/store/31qi1z32kw88a63sma87iaz7k13spyd0-dosbox-x-2024.07.01.drv",
      "description": "Cross-platform DOS emulator based on the DOSBox project",
      "install_id": "dosbox-x",
      "license": "GPL-2.0-or-later",
      "locked_url": "https://github.com/flox/nixpkgs?rev=dc14ed91132ee3a26255d01d8fd0c1f5bff27b2f",
      "name": "dosbox-x-2024.07.01",
      "pname": "dosbox-x",
      "rev": "dc14ed91132ee3a26255d01d8fd0c1f5bff27b2f",
      "rev_count": 656713,
      "rev_date": "2024-07-23T13:58:26Z",
      "scrape_date": "2024-07-29T13:10:31Z",
      "stabilities": [
        "stable",
        "staging",
        "unstable"
      ],
      "unfree": false,
      "version": "2024.07.01",
      "outputs_to_install": [
        "out"
      ],
      "outputs": {
        "out": "/nix/store/7az62pyg0fbhwfr3vszadng2bclp4n52-dosbox-x-2024.07.01"
      },
      "system": "x86_64-linux",
      "group": "toplevel",
      "priority": 5
    },
    {
      "attr_path": "unzip",
      "broken": false,
      "derivation": "/nix/store/rhxdf7v1zmacp3f6aix24m7yfq2qi5hv-unzip-6.0.drv",
      "description": "Extraction utility for archives compressed in .zip format",
      "install_id": "unzip",
      "license": "Info-ZIP",
      "locked_url": "https://github.com/flox/nixpkgs?rev=dc14ed91132ee3a26255d01d8fd0c1f5bff27b2f",
      "name": "unzip-6.0",
      "pname": "unzip",
      "rev": "dc14ed91132ee3a26255d01d8fd0c1f5bff27b2f",
      "rev_count": 656713,
      "rev_date": "2024-07-23T13:58:26Z",
      "scrape_date": "2024-07-29T13:10:31Z",
      "stabilities": [
        "stable",
        "staging",
        "unstable"
      ],
      "unfree": false,
      "version": "6.0",
      "outputs_to_install": [
        "out"
      ],
      "outputs": {
        "out": "/nix/store/0aj0j2kmmjvmnpsf27hdwyqvy33md5z3-unzip-6.0"
      },
      "system": "aarch64-darwin",
      "group": "toplevel",
      "priority": 5
    },
    {
      "attr_path": "unzip",
      "broken": false,
      "derivation": "/nix/store/b3wj8qqg8bk1nxgy9c3z4cwmn01d37cy-unzip-6.0.drv",
      "description": "Extraction utility for archives compressed in .zip format",
      "install_id": "unzip",
      "license": "Info-ZIP",
      "locked_url": "https://github.com/flox/nixpkgs?rev=dc14ed91132ee3a26255d01d8fd0c1f5bff27b2f",
      "name": "unzip-6.0",
      "pname": "unzip",
      "rev": "dc14ed91132ee3a26255d01d8fd0c1f5bff27b2f",
      "rev_count": 656713,
      "rev_date": "2024-07-23T13:58:26Z",
      "scrape_date": "2024-07-29T13:10:31Z",
      "stabilities": [
        "stable",
        "staging",
        "unstable"
      ],
      "unfree": false,
      "version": "6.0",
      "outputs_to_install": [
        "out"
      ],
      "outputs": {
        "out": "/nix/store/xba46z4pf21asmhzhjrhz29y11mgx4k2-unzip-6.0"
      },
      "system": "aarch64-linux",
      "group": "toplevel",
      "priority": 5
    },
    {
      "attr_path": "unzip",
      "broken": false,
      "derivation": "/nix/store/x63qn1jaf0fxjgpi5rzxli0m8c5sfcyx-unzip-6.0.drv",
      "description": "Extraction utility for archives compressed in .zip format",
      "install_id": "unzip",
      "license": "Info-ZIP",
      "locked_url": "https://github.com/flox/nixpkgs?rev=dc14ed91132ee3a26255d01d8fd0c1f5bff27b2f",
      "name": "unzip-6.0",
      "pname": "unzip",
      "rev": "dc14ed91132ee3a26255d01d8fd0c1f5bff27b2f",
      "rev_count": 656713,
      "rev_date": "2024-07-23T13:58:26Z",
      "scrape_date": "2024-07-29T13:10:31Z",
      "stabilities": [
        "stable",
        "staging",
        "unstable"
      ],
      "unfree": false,
      "version": "6.0",
      "outputs_to_install": [
        "out"
      ],
      "outputs": {
        "out": "/nix/store/pakdl5pmklmd9zlxd30mbb4pp35vybzf-unzip-6.0"
      },
      "system": "x86_64-darwin",
      "group": "toplevel",
      "priority": 5
    },
    {
      "attr_path": "unzip",
      "broken": false,
      "derivation": "/nix/store/99m7in2dv06j98n46m4cg558cgyxqdym-unzip-6.0.drv",
      "description": "Extraction utility for archives compressed in .zip format",
      "install_id": "unzip",
      "license": "Info-ZIP",
      "locked_url": "https://github.com/flox/nixpkgs?rev=dc14ed91132ee3a26255d01d8fd0c1f5bff27b2f",
      "name": "unzip-6.0",
      "pname": "unzip",
      "rev": "dc14ed91132ee3a26255d01d8fd0c1f5bff27b2f",
      "rev_count": 656713,
      "rev_date": "2024-07-23T13:58:26Z",
      "scrape_date": "2024-07-29T13:10:31Z",
      "stabilities": [
        "stable",
        "staging",
        "unstable"
      ],
      "unfree": false,
      "version": "6.0",
      "outputs_to_install": [
        "out"
      ],
      "outputs": {
        "out": "/nix/store/brfgny6xf2i3qfsfwnxchbgn9jxa6vzl-unzip-6.0"
      },
      "system": "x86_64-linux",
      "group": "toplevel",
      "priority": 5
    }
  ]
}
